
Microsoft Visual Studio Solution File, Format Version 12.00
Project("{FAE04EC0-301F-11D3-BF4B-00C04F79EFBC}") = "CubeManager", "CubeManager\CubeManager.csproj", "{8C4EB867-5D01-438E-B7DF-3515560D1688}"
EndProject
Global
	GlobalSection(SolutionConfigurationPlatforms) = preSolution
		Debug|Any CPU = Debug|Any CPU
		Release|Any CPU = Release|Any CPU
	EndGlobalSection
	GlobalSection(ProjectConfigurationPlatforms) = postSolution
		{8C4EB867-5D01-438E-B7DF-3515560D1688}.Debug|Any CPU.ActiveCfg = Debug|Any CPU
		{8C4EB867-5D01-438E-B7DF-3515560D1688}.Debug|Any CPU.Build.0 = Debug|Any CPU
		{8C4EB867-5D01-438E-B7DF-3515560D1688}.Release|Any CPU.ActiveCfg = Release|Any CPU
		{8C4EB867-5D01-438E-B7DF-3515560D1688}.Release|Any CPU.Build.0 = Release|Any CPU
	EndGlobalSection
EndGlobal
